
Microsoft Visual Studio Solution File, Format Version 12.00
# Visual Studio 15
VisualStudioVersion = 15.0.27703.2035
MinimumVisualStudioVersion = 10.0.40219.1
Project("{888888A0-9F3D-457C-B088-3A5042F75D52}") = "Hello World", "PythonApplication4\Hello World.pyproj", "{7E1D602E-AFD9-4014-B664-4D82F90244EF}"
EndProject
Global
	GlobalSection(SolutionConfigurationPlatforms) = preSolution
		Debug|Any CPU = Debug|Any CPU
		Release|Any CPU = Release|Any CPU
	EndGlobalSection
	GlobalSection(ProjectConfigurationPlatforms) = postSolution
		{7E1D602E-AFD9-4014-B664-4D82F90244EF}.Debug|Any CPU.ActiveCfg = Debug|Any CPU
		{7E1D602E-AFD9-4014-B664-4D82F90244EF}.Release|Any CPU.ActiveCfg = Release|Any CPU
	EndGlobalSection
	GlobalSection(SolutionProperties) = preSolution
		HideSolutionNode = FALSE
	EndGlobalSection
	GlobalSection(ExtensibilityGlobals) = postSolution
		SolutionGuid = {AF817A66-DA01-4F1F-A3F9-C642FCB3503A}
	EndGlobalSection
EndGlobal
